
Microsoft Visual Studio Solution File, Format Version 12.00
# Visual Studio Version 16
VisualStudioVersion = 16.0.30204.135
MinimumVisualStudioVersion = 10.0.40219.1
Project("{FAE04EC0-301F-11D3-BF4B-00C04F79EFBC}") = "ADI EchoBot 001", "ADI EchoBot 001\ADI EchoBot 001.csproj", "{B903F06F-AEFD-4DA0-93CA-21EAFA42BBE1}"
EndProject
Global
	GlobalSection(SolutionConfigurationPlatforms) = preSolution
		Debug|Any CPU = Debug|Any CPU
		Release|Any CPU = Release|Any CPU
	EndGlobalSection
	GlobalSection(ProjectConfigurationPlatforms) = postSolution
		{B903F06F-AEFD-4DA0-93CA-21EAFA42BBE1}.Debug|Any CPU.ActiveCfg = Debug|Any CPU
		{B903F06F-AEFD-4DA0-93CA-21EAFA42BBE1}.Debug|Any CPU.Build.0 = Debug|Any CPU
		{B903F06F-AEFD-4DA0-93CA-21EAFA42BBE1}.Release|Any CPU.ActiveCfg = Release|Any CPU
		{B903F06F-AEFD-4DA0-93CA-21EAFA42BBE1}.Release|Any CPU.Build.0 = Release|Any CPU
	EndGlobalSection
	GlobalSection(SolutionProperties) = preSolution
		HideSolutionNode = FALSE
	EndGlobalSection
	GlobalSection(ExtensibilityGlobals) = postSolution
		SolutionGuid = {87DFA76C-8B29-4F68-BB32-9F45502A7C09}
	EndGlobalSection
EndGlobal
